
Microsoft Visual Studio Solution File, Format Version 12.00
# Visual Studio Version 17
VisualStudioVersion = 17.4.33213.308
MinimumVisualStudioVersion = 10.0.40219.1
Project("{9A19103F-16F7-4668-BE54-9A1E7A4F7556}") = "WorkWithFiles", "WorkWithFiles.csproj", "{66145C66-2982-468E-9DCE-2B12529B31C4}"
EndProject
Project("{9A19103F-16F7-4668-BE54-9A1E7A4F7556}") = "Task1", "..\Task1\Task1.csproj", "{769D76F6-123A-4D72-8207-34AE913E6DF1}"
EndProject
Project("{9A19103F-16F7-4668-BE54-9A1E7A4F7556}") = "FinalTask", "..\FinalTask\FinalTask.csproj", "{0E8F18C3-DAFF-4D49-927D-A010CA536032}"
EndProject
Project("{FAE04EC0-301F-11D3-BF4B-00C04F79EFBC}") = "Task2", "..\Task2\Task2.csproj", "{17072226-6E50-4A5A-945B-8597790E6E36}"
EndProject
Global
	GlobalSection(SolutionConfigurationPlatforms) = preSolution
		Debug|Any CPU = Debug|Any CPU
		Release|Any CPU = Release|Any CPU
	EndGlobalSection
	GlobalSection(ProjectConfigurationPlatforms) = postSolution
		{66145C66-2982-468E-9DCE-2B12529B31C4}.Debug|Any CPU.ActiveCfg = Debug|Any CPU
		{66145C66-2982-468E-9DCE-2B12529B31C4}.Debug|Any CPU.Build.0 = Debug|Any CPU
		{66145C66-2982-468E-9DCE-2B12529B31C4}.Release|Any CPU.ActiveCfg = Release|Any CPU
		{66145C66-2982-468E-9DCE-2B12529B31C4}.Release|Any CPU.Build.0 = Release|Any CPU
		{769D76F6-123A-4D72-8207-34AE913E6DF1}.Debug|Any CPU.ActiveCfg = Debug|Any CPU
		{769D76F6-123A-4D72-8207-34AE913E6DF1}.Debug|Any CPU.Build.0 = Debug|Any CPU
		{769D76F6-123A-4D72-8207-34AE913E6DF1}.Release|Any CPU.ActiveCfg = Release|Any CPU
		{769D76F6-123A-4D72-8207-34AE913E6DF1}.Release|Any CPU.Build.0 = Release|Any CPU
		{0E8F18C3-DAFF-4D49-927D-A010CA536032}.Debug|Any CPU.ActiveCfg = Debug|Any CPU
		{0E8F18C3-DAFF-4D49-927D-A010CA536032}.Debug|Any CPU.Build.0 = Debug|Any CPU
		{0E8F18C3-DAFF-4D49-927D-A010CA536032}.Release|Any CPU.ActiveCfg = Release|Any CPU
		{0E8F18C3-DAFF-4D49-927D-A010CA536032}.Release|Any CPU.Build.0 = Release|Any CPU
		{17072226-6E50-4A5A-945B-8597790E6E36}.Debug|Any CPU.ActiveCfg = Debug|Any CPU
		{17072226-6E50-4A5A-945B-8597790E6E36}.Debug|Any CPU.Build.0 = Debug|Any CPU
		{17072226-6E50-4A5A-945B-8597790E6E36}.Release|Any CPU.ActiveCfg = Release|Any CPU
		{17072226-6E50-4A5A-945B-8597790E6E36}.Release|Any CPU.Build.0 = Release|Any CPU
	EndGlobalSection
	GlobalSection(SolutionProperties) = preSolution
		HideSolutionNode = FALSE
	EndGlobalSection
	GlobalSection(ExtensibilityGlobals) = postSolution
		SolutionGuid = {DCBE8FFF-3F19-415C-A51E-F573A23D6563}
	EndGlobalSection
EndGlobal
